// !$*UTF8*$!
{
	archiveVersion = 1;
	classes = {
	};
	objectVersion = 52;
	objects = {

/* Begin PBXBuildFile section */
		182A42F023E305D6002D8013 /* Personal.storyboard in Resources */ = {isa = PBXBuildFile; fileRef = 182A42EF23E305D6002D8013 /* Personal.storyboard */; };
		182A856523F2A6D400D5394F /* ProjectManager.swift in Sources */ = {isa = PBXBuildFile; fileRef = 182A856423F2A6D400D5394F /* ProjectManager.swift */; };
		1844082323E541D000A879F7 /* FriendListTableViewCell.swift in Sources */ = {isa = PBXBuildFile; fileRef = 1844082123E541D000A879F7 /* FriendListTableViewCell.swift */; };
		1844082423E541D000A879F7 /* FriendListTableViewCell.xib in Resources */ = {isa = PBXBuildFile; fileRef = 1844082223E541D000A879F7 /* FriendListTableViewCell.xib */; };
		1844082623E56F4100A879F7 /* UserManager.swift in Sources */ = {isa = PBXBuildFile; fileRef = 1844082523E56F4100A879F7 /* UserManager.swift */; };
		1844082923E57AAB00A879F7 /* FriendInfo.swift in Sources */ = {isa = PBXBuildFile; fileRef = 1844082723E57AAB00A879F7 /* FriendInfo.swift */; };
		1861E10523D7F71400673640 /* AppDelegate.swift in Sources */ = {isa = PBXBuildFile; fileRef = 1861E10423D7F71400673640 /* AppDelegate.swift */; };
		1861E10923D7F71400673640 /* PersonalViewController.swift in Sources */ = {isa = PBXBuildFile; fileRef = 1861E10823D7F71400673640 /* PersonalViewController.swift */; };
		1861E10C23D7F71400673640 /* Main.storyboard in Resources */ = {isa = PBXBuildFile; fileRef = 1861E10A23D7F71400673640 /* Main.storyboard */; };
		1861E10E23D7F71500673640 /* Assets.xcassets in Resources */ = {isa = PBXBuildFile; fileRef = 1861E10D23D7F71500673640 /* Assets.xcassets */; };
		1861E11123D7F71500673640 /* LaunchScreen.storyboard in Resources */ = {isa = PBXBuildFile; fileRef = 1861E10F23D7F71500673640 /* LaunchScreen.storyboard */; };
		1861E11923D816C700673640 /* GoogleService-Info.plist in Resources */ = {isa = PBXBuildFile; fileRef = 1861E11823D816C700673640 /* GoogleService-Info.plist */; };
		188FE73423E7EEB300DDF30C /* NewProjectViewController.swift in Sources */ = {isa = PBXBuildFile; fileRef = 188FE73323E7EEB300DDF30C /* NewProjectViewController.swift */; };
		188FE73A23E7F05700DDF30C /* NewProjectTableViewCell.xib in Resources */ = {isa = PBXBuildFile; fileRef = 188FE73823E7F05700DDF30C /* NewProjectTableViewCell.xib */; };
		188FE73E23E7F0E800DDF30C /* WorkItemTableViewCell.xib in Resources */ = {isa = PBXBuildFile; fileRef = 188FE73C23E7F0E800DDF30C /* WorkItemTableViewCell.xib */; };
		188FE74023E8002200DDF30C /* NewProjectTableViewCell.swift in Sources */ = {isa = PBXBuildFile; fileRef = 188FE73F23E8002200DDF30C /* NewProjectTableViewCell.swift */; };
		188FE74223E8004300DDF30C /* WorkItemTableViewCell.swift in Sources */ = {isa = PBXBuildFile; fileRef = 188FE74123E8004300DDF30C /* WorkItemTableViewCell.swift */; };
		1895D75123E3C51F00207016 /* PBTabBarViewController.swift in Sources */ = {isa = PBXBuildFile; fileRef = 1895D75023E3C51F00207016 /* PBTabBarViewController.swift */; };
		1895D75423E3C5F500207016 /* UIStoryboard+Extension.swift in Sources */ = {isa = PBXBuildFile; fileRef = 1895D75323E3C5F500207016 /* UIStoryboard+Extension.swift */; };
		18A059BF23E3C6FB002860B6 /* UIImage+Extension.swift in Sources */ = {isa = PBXBuildFile; fileRef = 18A059BE23E3C6FB002860B6 /* UIImage+Extension.swift */; };
		18A059C123E3CC66002860B6 /* Report.storyboard in Resources */ = {isa = PBXBuildFile; fileRef = 18A059C023E3CC66002860B6 /* Report.storyboard */; };
		18A059C423E3CC95002860B6 /* Profile.storyboard in Resources */ = {isa = PBXBuildFile; fileRef = 18A059C323E3CC95002860B6 /* Profile.storyboard */; };
		18A059C623E3CCE3002860B6 /* ProfileViewController.swift in Sources */ = {isa = PBXBuildFile; fileRef = 18A059C523E3CCE3002860B6 /* ProfileViewController.swift */; };
		18A059CC23E3CDC7002860B6 /* ReportViewController.swift in Sources */ = {isa = PBXBuildFile; fileRef = 18A059CB23E3CDC7002860B6 /* ReportViewController.swift */; };
		18A059D123E3D683002860B6 /* FriendListViewController.swift in Sources */ = {isa = PBXBuildFile; fileRef = 18A059D023E3D683002860B6 /* FriendListViewController.swift */; };
		18A059D523E3D824002860B6 /* FriendList.storyboard in Resources */ = {isa = PBXBuildFile; fileRef = 18A059D423E3D824002860B6 /* FriendList.storyboard */; };
		18AA9EBB23E6B05100D390CE /* MemberListViewController.swift in Sources */ = {isa = PBXBuildFile; fileRef = 18AA9EBA23E6B05100D390CE /* MemberListViewController.swift */; };
		18AD1F3B23DB4A3F00C75504 /* Login.storyboard in Resources */ = {isa = PBXBuildFile; fileRef = 18AD1F3A23DB4A3F00C75504 /* Login.storyboard */; };
		18AD1F3D23DB4A8600C75504 /* LoginViewController.swift in Sources */ = {isa = PBXBuildFile; fileRef = 18AD1F3C23DB4A8600C75504 /* LoginViewController.swift */; };
		18AD1F3F23DB4AF600C75504 /* SignupViewController.swift in Sources */ = {isa = PBXBuildFile; fileRef = 18AD1F3E23DB4AF600C75504 /* SignupViewController.swift */; };
		18AD1F4123DB4B1700C75504 /* ResetPasswordViewController.swift in Sources */ = {isa = PBXBuildFile; fileRef = 18AD1F4023DB4B1600C75504 /* ResetPasswordViewController.swift */; };
		18B9590D23EFCDE400C6E8EB /* ProjectColor.swift in Sources */ = {isa = PBXBuildFile; fileRef = 18B9590C23EFCDE400C6E8EB /* ProjectColor.swift */; };
		18B9591723F0432600C6E8EB /* NewProject.swift in Sources */ = {isa = PBXBuildFile; fileRef = 18B9591623F0432600C6E8EB /* NewProject.swift */; };
		18BC87D123F5683600D97F74 /* ProjectInfo.swift in Sources */ = {isa = PBXBuildFile; fileRef = 18BC87D023F5683600D97F74 /* ProjectInfo.swift */; };
		18BEF14723E977C200CC401C /* KingFisherWapper.swift in Sources */ = {isa = PBXBuildFile; fileRef = 18BEF14623E977C200CC401C /* KingFisherWapper.swift */; };
		18CE585A23F7D47600D47A2D /* NumberCollectionViewCell.swift in Sources */ = {isa = PBXBuildFile; fileRef = 18CE585923F7D47600D47A2D /* NumberCollectionViewCell.swift */; };
		18CE585C23F7D4A800D47A2D /* NumberCollectionViewCell.xib in Resources */ = {isa = PBXBuildFile; fileRef = 18CE585B23F7D4A800D47A2D /* NumberCollectionViewCell.xib */; };
		18D2494823EED9C3006528A6 /* CompletedTableViewCell.swift in Sources */ = {isa = PBXBuildFile; fileRef = 18D2494623EED9C3006528A6 /* CompletedTableViewCell.swift */; };
		18D2494923EED9C3006528A6 /* CompletedTableViewCell.xib in Resources */ = {isa = PBXBuildFile; fileRef = 18D2494723EED9C3006528A6 /* CompletedTableViewCell.xib */; };
		18D93DC723EEA225005398B7 /* UIColor+Extension.swift in Sources */ = {isa = PBXBuildFile; fileRef = 18D93DC623EEA225005398B7 /* UIColor+Extension.swift */; };
		18D93DCA23EEC268005398B7 /* ProcessingTableViewCell.swift in Sources */ = {isa = PBXBuildFile; fileRef = 18D93DC823EEC268005398B7 /* ProcessingTableViewCell.swift */; };
		18D93DCB23EEC268005398B7 /* ProcessingTableViewCell.xib in Resources */ = {isa = PBXBuildFile; fileRef = 18D93DC923EEC268005398B7 /* ProcessingTableViewCell.xib */; };
		18E32EDA23EF01E20054D592 /* ProcessingCollectionViewCell.swift in Sources */ = {isa = PBXBuildFile; fileRef = 18E32ED823EF01E20054D592 /* ProcessingCollectionViewCell.swift */; };
		18E32EDB23EF01E20054D592 /* ProcessingCollectionViewCell.xib in Resources */ = {isa = PBXBuildFile; fileRef = 18E32ED923EF01E20054D592 /* ProcessingCollectionViewCell.xib */; };
		18E32EE023EF023E0054D592 /* CompletedCollectionViewCell.swift in Sources */ = {isa = PBXBuildFile; fileRef = 18E32EDE23EF023E0054D592 /* CompletedCollectionViewCell.swift */; };
		18E32EE123EF023E0054D592 /* CompletedCollectionViewCell.xib in Resources */ = {isa = PBXBuildFile; fileRef = 18E32EDF23EF023E0054D592 /* CompletedCollectionViewCell.xib */; };
		18F0E37623F3C04700149F8F /* SelectMembersViewController.swift in Sources */ = {isa = PBXBuildFile; fileRef = 18F0E37523F3C04700149F8F /* SelectMembersViewController.swift */; };
		18F0E37823F3C79900149F8F /* SearchBarInfo.swift in Sources */ = {isa = PBXBuildFile; fileRef = 18F0E37723F3C79900149F8F /* SearchBarInfo.swift */; };
		18F0E37A23F3C80100149F8F /* LargeTitleInfo.swift in Sources */ = {isa = PBXBuildFile; fileRef = 18F0E37923F3C80100149F8F /* LargeTitleInfo.swift */; };
		18F0E37D23F3F2A000149F8F /* SelectMemberTableViewCell.swift in Sources */ = {isa = PBXBuildFile; fileRef = 18F0E37B23F3F2A000149F8F /* SelectMemberTableViewCell.swift */; };
		18F0E37E23F3F2A000149F8F /* SelectMemberTableViewCell.xib in Resources */ = {isa = PBXBuildFile; fileRef = 18F0E37C23F3F2A000149F8F /* SelectMemberTableViewCell.xib */; };
		18F0E38123F46E8500149F8F /* MemberCollectionViewCell.swift in Sources */ = {isa = PBXBuildFile; fileRef = 18F0E37F23F46E8500149F8F /* MemberCollectionViewCell.swift */; };
		18F0E38223F46E8500149F8F /* MemberCollectionViewCell.xib in Resources */ = {isa = PBXBuildFile; fileRef = 18F0E38023F46E8500149F8F /* MemberCollectionViewCell.xib */; };
		18F8CC3D23ED1993004D8420 /* CurrentUserInfo.swift in Sources */ = {isa = PBXBuildFile; fileRef = 18F8CC3C23ED1993004D8420 /* CurrentUserInfo.swift */; };
		18FFB56223E15A4E004B43C0 /* JGProgressHUDWapper.swift in Sources */ = {isa = PBXBuildFile; fileRef = 18FFB56123E15A4E004B43C0 /* JGProgressHUDWapper.swift */; };
		18FFB56523E175E2004B43C0 /* FacebookLogin in Frameworks */ = {isa = PBXBuildFile; productRef = 18FFB56423E175E2004B43C0 /* FacebookLogin */; };
		85E28742B6924B98277E4719 /* Pods_Project_Butler.framework in Frameworks */ = {isa = PBXBuildFile; fileRef = DB7B481A550B741A992B2F45 /* Pods_Project_Butler.framework */; };
/* End PBXBuildFile section */

/* Begin PBXFileReference section */
		182A42EF23E305D6002D8013 /* Personal.storyboard */ = {isa = PBXFileReference; lastKnownFileType = file.storyboard; path = Personal.storyboard; sourceTree = "<group>"; };
		182A856423F2A6D400D5394F /* ProjectManager.swift */ = {isa = PBXFileReference; lastKnownFileType = sourcecode.swift; path = ProjectManager.swift; sourceTree = "<group>"; };
		1844082123E541D000A879F7 /* FriendListTableViewCell.swift */ = {isa = PBXFileReference; lastKnownFileType = sourcecode.swift; path = FriendListTableViewCell.swift; sourceTree = "<group>"; };
		1844082223E541D000A879F7 /* FriendListTableViewCell.xib */ = {isa = PBXFileReference; lastKnownFileType = file.xib; path = FriendListTableViewCell.xib; sourceTree = "<group>"; };
		1844082523E56F4100A879F7 /* UserManager.swift */ = {isa = PBXFileReference; lastKnownFileType = sourcecode.swift; path = UserManager.swift; sourceTree = "<group>"; };
		1844082723E57AAB00A879F7 /* FriendInfo.swift */ = {isa = PBXFileReference; fileEncoding = 4; lastKnownFileType = sourcecode.swift; path = FriendInfo.swift; sourceTree = "<group>"; };
		1861E10123D7F71400673640 /* Project Butler.app */ = {isa = PBXFileReference; explicitFileType = wrapper.application; includeInIndex = 0; path = "Project Butler.app"; sourceTree = BUILT_PRODUCTS_DIR; };
		1861E10423D7F71400673640 /* AppDelegate.swift */ = {isa = PBXFileReference; lastKnownFileType = sourcecode.swift; path = AppDelegate.swift; sourceTree = "<group>"; };
		1861E10823D7F71400673640 /* PersonalViewController.swift */ = {isa = PBXFileReference; lastKnownFileType = sourcecode.swift; path = PersonalViewController.swift; sourceTree = "<group>"; };
		1861E10B23D7F71400673640 /* Base */ = {isa = PBXFileReference; lastKnownFileType = file.storyboard; name = Base; path = Base.lproj/Main.storyboard; sourceTree = "<group>"; };
		1861E10D23D7F71500673640 /* Assets.xcassets */ = {isa = PBXFileReference; lastKnownFileType = folder.assetcatalog; path = Assets.xcassets; sourceTree = "<group>"; };
		1861E11023D7F71500673640 /* Base */ = {isa = PBXFileReference; lastKnownFileType = file.storyboard; name = Base; path = Base.lproj/LaunchScreen.storyboard; sourceTree = "<group>"; };
		1861E11223D7F71500673640 /* Info.plist */ = {isa = PBXFileReference; lastKnownFileType = text.plist.xml; path = Info.plist; sourceTree = "<group>"; };
		1861E11823D816C700673640 /* GoogleService-Info.plist */ = {isa = PBXFileReference; fileEncoding = 4; lastKnownFileType = text.plist.xml; path = "GoogleService-Info.plist"; sourceTree = "<group>"; };
		188FE73323E7EEB300DDF30C /* NewProjectViewController.swift */ = {isa = PBXFileReference; lastKnownFileType = sourcecode.swift; path = NewProjectViewController.swift; sourceTree = "<group>"; };
		188FE73823E7F05700DDF30C /* NewProjectTableViewCell.xib */ = {isa = PBXFileReference; lastKnownFileType = file.xib; path = NewProjectTableViewCell.xib; sourceTree = "<group>"; };
		188FE73C23E7F0E800DDF30C /* WorkItemTableViewCell.xib */ = {isa = PBXFileReference; lastKnownFileType = file.xib; path = WorkItemTableViewCell.xib; sourceTree = "<group>"; };
		188FE73F23E8002200DDF30C /* NewProjectTableViewCell.swift */ = {isa = PBXFileReference; lastKnownFileType = sourcecode.swift; path = NewProjectTableViewCell.swift; sourceTree = "<group>"; };
		188FE74123E8004300DDF30C /* WorkItemTableViewCell.swift */ = {isa = PBXFileReference; lastKnownFileType = sourcecode.swift; path = WorkItemTableViewCell.swift; sourceTree = "<group>"; };
		1895D75023E3C51F00207016 /* PBTabBarViewController.swift */ = {isa = PBXFileReference; lastKnownFileType = sourcecode.swift; path = PBTabBarViewController.swift; sourceTree = "<group>"; };
		1895D75323E3C5F500207016 /* UIStoryboard+Extension.swift */ = {isa = PBXFileReference; fileEncoding = 4; lastKnownFileType = sourcecode.swift; path = "UIStoryboard+Extension.swift"; sourceTree = "<group>"; };
		18A059BE23E3C6FB002860B6 /* UIImage+Extension.swift */ = {isa = PBXFileReference; fileEncoding = 4; lastKnownFileType = sourcecode.swift; path = "UIImage+Extension.swift"; sourceTree = "<group>"; };
		18A059C023E3CC66002860B6 /* Report.storyboard */ = {isa = PBXFileReference; lastKnownFileType = file.storyboard; path = Report.storyboard; sourceTree = "<group>"; };
		18A059C323E3CC95002860B6 /* Profile.storyboard */ = {isa = PBXFileReference; lastKnownFileType = file.storyboard; path = Profile.storyboard; sourceTree = "<group>"; };
		18A059C523E3CCE3002860B6 /* ProfileViewController.swift */ = {isa = PBXFileReference; lastKnownFileType = sourcecode.swift; path = ProfileViewController.swift; sourceTree = "<group>"; };
		18A059CB23E3CDC7002860B6 /* ReportViewController.swift */ = {isa = PBXFileReference; lastKnownFileType = sourcecode.swift; path = ReportViewController.swift; sourceTree = "<group>"; };
		18A059D023E3D683002860B6 /* FriendListViewController.swift */ = {isa = PBXFileReference; fileEncoding = 4; lastKnownFileType = sourcecode.swift; path = FriendListViewController.swift; sourceTree = "<group>"; };
		18A059D423E3D824002860B6 /* FriendList.storyboard */ = {isa = PBXFileReference; lastKnownFileType = file.storyboard; path = FriendList.storyboard; sourceTree = "<group>"; };
		18AA9EBA23E6B05100D390CE /* MemberListViewController.swift */ = {isa = PBXFileReference; lastKnownFileType = sourcecode.swift; path = MemberListViewController.swift; sourceTree = "<group>"; };
		18AD1F3A23DB4A3F00C75504 /* Login.storyboard */ = {isa = PBXFileReference; lastKnownFileType = file.storyboard; path = Login.storyboard; sourceTree = "<group>"; };
		18AD1F3C23DB4A8600C75504 /* LoginViewController.swift */ = {isa = PBXFileReference; lastKnownFileType = sourcecode.swift; path = LoginViewController.swift; sourceTree = "<group>"; };
		18AD1F3E23DB4AF600C75504 /* SignupViewController.swift */ = {isa = PBXFileReference; lastKnownFileType = sourcecode.swift; path = SignupViewController.swift; sourceTree = "<group>"; };
		18AD1F4023DB4B1600C75504 /* ResetPasswordViewController.swift */ = {isa = PBXFileReference; lastKnownFileType = sourcecode.swift; name = ResetPasswordViewController.swift; path = "/Users/apple/Desktop/Project Butler/Project Butler/Controller/ResetPasswordViewController.swift"; sourceTree = "<absolute>"; };
		18B9590C23EFCDE400C6E8EB /* ProjectColor.swift */ = {isa = PBXFileReference; lastKnownFileType = sourcecode.swift; path = ProjectColor.swift; sourceTree = "<group>"; };
		18B9591623F0432600C6E8EB /* NewProject.swift */ = {isa = PBXFileReference; lastKnownFileType = sourcecode.swift; path = NewProject.swift; sourceTree = "<group>"; };
		18BC87D023F5683600D97F74 /* ProjectInfo.swift */ = {isa = PBXFileReference; lastKnownFileType = sourcecode.swift; path = ProjectInfo.swift; sourceTree = "<group>"; };
		18BEF14623E977C200CC401C /* KingFisherWapper.swift */ = {isa = PBXFileReference; lastKnownFileType = sourcecode.swift; path = KingFisherWapper.swift; sourceTree = "<group>"; };
		18CE585923F7D47600D47A2D /* NumberCollectionViewCell.swift */ = {isa = PBXFileReference; lastKnownFileType = sourcecode.swift; path = NumberCollectionViewCell.swift; sourceTree = "<group>"; };
		18CE585B23F7D4A800D47A2D /* NumberCollectionViewCell.xib */ = {isa = PBXFileReference; lastKnownFileType = file.xib; path = NumberCollectionViewCell.xib; sourceTree = "<group>"; };
		18D2494623EED9C3006528A6 /* CompletedTableViewCell.swift */ = {isa = PBXFileReference; lastKnownFileType = sourcecode.swift; path = CompletedTableViewCell.swift; sourceTree = "<group>"; };
		18D2494723EED9C3006528A6 /* CompletedTableViewCell.xib */ = {isa = PBXFileReference; lastKnownFileType = file.xib; path = CompletedTableViewCell.xib; sourceTree = "<group>"; };
		18D93DC623EEA225005398B7 /* UIColor+Extension.swift */ = {isa = PBXFileReference; lastKnownFileType = sourcecode.swift; path = "UIColor+Extension.swift"; sourceTree = "<group>"; };
		18D93DC823EEC268005398B7 /* ProcessingTableViewCell.swift */ = {isa = PBXFileReference; lastKnownFileType = sourcecode.swift; path = ProcessingTableViewCell.swift; sourceTree = "<group>"; };
		18D93DC923EEC268005398B7 /* ProcessingTableViewCell.xib */ = {isa = PBXFileReference; lastKnownFileType = file.xib; path = ProcessingTableViewCell.xib; sourceTree = "<group>"; };
		18E32ED823EF01E20054D592 /* ProcessingCollectionViewCell.swift */ = {isa = PBXFileReference; lastKnownFileType = sourcecode.swift; path = ProcessingCollectionViewCell.swift; sourceTree = "<group>"; };
		18E32ED923EF01E20054D592 /* ProcessingCollectionViewCell.xib */ = {isa = PBXFileReference; lastKnownFileType = file.xib; path = ProcessingCollectionViewCell.xib; sourceTree = "<group>"; };
		18E32EDE23EF023E0054D592 /* CompletedCollectionViewCell.swift */ = {isa = PBXFileReference; lastKnownFileType = sourcecode.swift; path = CompletedCollectionViewCell.swift; sourceTree = "<group>"; };
		18E32EDF23EF023E0054D592 /* CompletedCollectionViewCell.xib */ = {isa = PBXFileReference; lastKnownFileType = file.xib; path = CompletedCollectionViewCell.xib; sourceTree = "<group>"; };
		18F0E37523F3C04700149F8F /* SelectMembersViewController.swift */ = {isa = PBXFileReference; lastKnownFileType = sourcecode.swift; path = SelectMembersViewController.swift; sourceTree = "<group>"; };
		18F0E37723F3C79900149F8F /* SearchBarInfo.swift */ = {isa = PBXFileReference; lastKnownFileType = sourcecode.swift; path = SearchBarInfo.swift; sourceTree = "<group>"; };
		18F0E37923F3C80100149F8F /* LargeTitleInfo.swift */ = {isa = PBXFileReference; lastKnownFileType = sourcecode.swift; path = LargeTitleInfo.swift; sourceTree = "<group>"; };
		18F0E37B23F3F2A000149F8F /* SelectMemberTableViewCell.swift */ = {isa = PBXFileReference; lastKnownFileType = sourcecode.swift; path = SelectMemberTableViewCell.swift; sourceTree = "<group>"; };
		18F0E37C23F3F2A000149F8F /* SelectMemberTableViewCell.xib */ = {isa = PBXFileReference; lastKnownFileType = file.xib; path = SelectMemberTableViewCell.xib; sourceTree = "<group>"; };
		18F0E37F23F46E8500149F8F /* MemberCollectionViewCell.swift */ = {isa = PBXFileReference; lastKnownFileType = sourcecode.swift; path = MemberCollectionViewCell.swift; sourceTree = "<group>"; };
		18F0E38023F46E8500149F8F /* MemberCollectionViewCell.xib */ = {isa = PBXFileReference; lastKnownFileType = file.xib; path = MemberCollectionViewCell.xib; sourceTree = "<group>"; };
		18F8CC3C23ED1993004D8420 /* CurrentUserInfo.swift */ = {isa = PBXFileReference; lastKnownFileType = sourcecode.swift; path = CurrentUserInfo.swift; sourceTree = "<group>"; };
		18FFB56123E15A4E004B43C0 /* JGProgressHUDWapper.swift */ = {isa = PBXFileReference; fileEncoding = 4; lastKnownFileType = sourcecode.swift; path = JGProgressHUDWapper.swift; sourceTree = "<group>"; };
		31E235C089173A4059097F39 /* Pods-Project Butler.debug.xcconfig */ = {isa = PBXFileReference; includeInIndex = 1; lastKnownFileType = text.xcconfig; name = "Pods-Project Butler.debug.xcconfig"; path = "Target Support Files/Pods-Project Butler/Pods-Project Butler.debug.xcconfig"; sourceTree = "<group>"; };
		DB7B481A550B741A992B2F45 /* Pods_Project_Butler.framework */ = {isa = PBXFileReference; explicitFileType = wrapper.framework; includeInIndex = 0; path = Pods_Project_Butler.framework; sourceTree = BUILT_PRODUCTS_DIR; };
		E9C9CB790BEC62E7D28C9D75 /* Pods-Project Butler.release.xcconfig */ = {isa = PBXFileReference; includeInIndex = 1; lastKnownFileType = text.xcconfig; name = "Pods-Project Butler.release.xcconfig"; path = "Target Support Files/Pods-Project Butler/Pods-Project Butler.release.xcconfig"; sourceTree = "<group>"; };
/* End PBXFileReference section */

/* Begin PBXFrameworksBuildPhase section */
		1861E0FE23D7F71400673640 /* Frameworks */ = {
			isa = PBXFrameworksBuildPhase;
			buildActionMask = 2147483647;
			files = (
				18FFB56523E175E2004B43C0 /* FacebookLogin in Frameworks */,
				85E28742B6924B98277E4719 /* Pods_Project_Butler.framework in Frameworks */,
			);
			runOnlyForDeploymentPostprocessing = 0;
		};
/* End PBXFrameworksBuildPhase section */

/* Begin PBXGroup section */
		182A42F323E307AF002D8013 /* Personal */ = {
			isa = PBXGroup;
			children = (
				18AA9EBE23E6B96700D390CE /* Member */,
				18AA9EC023E6B99900D390CE /* ProsonalProject */,
				18AA9EBF23E6B98700D390CE /* NewProject */,
			);
			path = Personal;
			sourceTree = "<group>";
		};
		182A42F423E307C5002D8013 /* Login */ = {
			isa = PBXGroup;
			children = (
				18AD1F3C23DB4A8600C75504 /* LoginViewController.swift */,
				18AD1F3E23DB4AF600C75504 /* SignupViewController.swift */,
				18AD1F4023DB4B1600C75504 /* ResetPasswordViewController.swift */,
			);
			path = Login;
			sourceTree = "<group>";
		};
		182A856623F2A6DE00D5394F /* Project */ = {
			isa = PBXGroup;
			children = (
				182A856423F2A6D400D5394F /* ProjectManager.swift */,
				18BC87D023F5683600D97F74 /* ProjectInfo.swift */,
			);
			path = Project;
			sourceTree = "<group>";
		};
		1861E0F823D7F71400673640 = {
			isa = PBXGroup;
			children = (
				1861E10323D7F71400673640 /* Project Butler */,
				1861E10223D7F71400673640 /* Products */,
				7DD6E061D3FB32A47030AF93 /* Pods */,
				457B2D8672F8B072CD41852A /* Frameworks */,
			);
			sourceTree = "<group>";
		};
		1861E10223D7F71400673640 /* Products */ = {
			isa = PBXGroup;
			children = (
				1861E10123D7F71400673640 /* Project Butler.app */,
			);
			name = Products;
			sourceTree = "<group>";
		};
		1861E10323D7F71400673640 /* Project Butler */ = {
			isa = PBXGroup;
			children = (
				1861E10423D7F71400673640 /* AppDelegate.swift */,
				1885EE6B23DA9B29005A4835 /* Third Party Wapper */,
				1861E11D23D82E3800673640 /* Resource */,
				1885EE6C23DABDAE005A4835 /* Extension */,
				1861E11A23D82DB900673640 /* Model */,
				1861E11C23D82E1500673640 /* View */,
				1861E11B23D82E0600673640 /* Controller */,
				1861E11223D7F71500673640 /* Info.plist */,
				1861E11823D816C700673640 /* GoogleService-Info.plist */,
			);
			path = "Project Butler";
			sourceTree = "<group>";
		};
		1861E11A23D82DB900673640 /* Model */ = {
			isa = PBXGroup;
			children = (
				18F0E37723F3C79900149F8F /* SearchBarInfo.swift */,
				18F0E37923F3C80100149F8F /* LargeTitleInfo.swift */,
				182A856623F2A6DE00D5394F /* Project */,
				18B9591323EFD65500C6E8EB /* UserInfo */,
				18B9590E23EFCDF500C6E8EB /* Personal */,
				18B9590F23EFCE0700C6E8EB /* Friend */,
			);
			path = Model;
			sourceTree = "<group>";
		};
		1861E11B23D82E0600673640 /* Controller */ = {
			isa = PBXGroup;
			children = (
				18A059CD23E3CDCF002860B6 /* Report */,
				1895D75223E3C55900207016 /* Base */,
				18A059CA23E3CD4D002860B6 /* FriendList */,
				18A059C723E3CCEB002860B6 /* Profile */,
				182A42F323E307AF002D8013 /* Personal */,
				182A42F423E307C5002D8013 /* Login */,
			);
			path = Controller;
			sourceTree = "<group>";
		};
		1861E11C23D82E1500673640 /* View */ = {
			isa = PBXGroup;
			children = (
				18D93DCC23EEC272005398B7 /* PersonalProject */,
				188FE73523E7EF8800DDF30C /* FriendList */,
				188FE73623E7EFA100DDF30C /* NewProject */,
				1861E10A23D7F71400673640 /* Main.storyboard */,
				18A059D423E3D824002860B6 /* FriendList.storyboard */,
				18AD1F3A23DB4A3F00C75504 /* Login.storyboard */,
				18A059C023E3CC66002860B6 /* Report.storyboard */,
				18A059C323E3CC95002860B6 /* Profile.storyboard */,
				182A42EF23E305D6002D8013 /* Personal.storyboard */,
				1861E10F23D7F71500673640 /* LaunchScreen.storyboard */,
			);
			path = View;
			sourceTree = "<group>";
		};
		1861E11D23D82E3800673640 /* Resource */ = {
			isa = PBXGroup;
			children = (
				1861E10D23D7F71500673640 /* Assets.xcassets */,
			);
			path = Resource;
			sourceTree = "<group>";
		};
		1885EE6B23DA9B29005A4835 /* Third Party Wapper */ = {
			isa = PBXGroup;
			children = (
				18FFB56123E15A4E004B43C0 /* JGProgressHUDWapper.swift */,
				18BEF14623E977C200CC401C /* KingFisherWapper.swift */,
			);
			path = "Third Party Wapper";
			sourceTree = "<group>";
		};
		1885EE6C23DABDAE005A4835 /* Extension */ = {
			isa = PBXGroup;
			children = (
				18D93DC623EEA225005398B7 /* UIColor+Extension.swift */,
				1895D75323E3C5F500207016 /* UIStoryboard+Extension.swift */,
				18A059BE23E3C6FB002860B6 /* UIImage+Extension.swift */,
			);
			path = Extension;
			sourceTree = "<group>";
		};
		188FE73523E7EF8800DDF30C /* FriendList */ = {
			isa = PBXGroup;
			children = (
				1844082123E541D000A879F7 /* FriendListTableViewCell.swift */,
				1844082223E541D000A879F7 /* FriendListTableViewCell.xib */,
			);
			path = FriendList;
			sourceTree = "<group>";
		};
		188FE73623E7EFA100DDF30C /* NewProject */ = {
			isa = PBXGroup;
			children = (
				18F0E37B23F3F2A000149F8F /* SelectMemberTableViewCell.swift */,
				18F0E37C23F3F2A000149F8F /* SelectMemberTableViewCell.xib */,
				188FE73F23E8002200DDF30C /* NewProjectTableViewCell.swift */,
				188FE73823E7F05700DDF30C /* NewProjectTableViewCell.xib */,
				18F0E37F23F46E8500149F8F /* MemberCollectionViewCell.swift */,
				18F0E38023F46E8500149F8F /* MemberCollectionViewCell.xib */,
				188FE74123E8004300DDF30C /* WorkItemTableViewCell.swift */,
				188FE73C23E7F0E800DDF30C /* WorkItemTableViewCell.xib */,
			);
			path = NewProject;
			sourceTree = "<group>";
		};
		1895D75223E3C55900207016 /* Base */ = {
			isa = PBXGroup;
			children = (
				1895D75023E3C51F00207016 /* PBTabBarViewController.swift */,
			);
			path = Base;
			sourceTree = "<group>";
		};
		18A059C723E3CCEB002860B6 /* Profile */ = {
			isa = PBXGroup;
			children = (
				18A059C523E3CCE3002860B6 /* ProfileViewController.swift */,
			);
			path = Profile;
			sourceTree = "<group>";
		};
		18A059CA23E3CD4D002860B6 /* FriendList */ = {
			isa = PBXGroup;
			children = (
				18A059D023E3D683002860B6 /* FriendListViewController.swift */,
			);
			path = FriendList;
			sourceTree = "<group>";
		};
		18A059CD23E3CDCF002860B6 /* Report */ = {
			isa = PBXGroup;
			children = (
				18A059CB23E3CDC7002860B6 /* ReportViewController.swift */,
			);
			path = Report;
			sourceTree = "<group>";
		};
		18AA9EBE23E6B96700D390CE /* Member */ = {
			isa = PBXGroup;
			children = (
				18AA9EBA23E6B05100D390CE /* MemberListViewController.swift */,
				18F0E37523F3C04700149F8F /* SelectMembersViewController.swift */,
			);
			path = Member;
			sourceTree = "<group>";
		};
		18AA9EBF23E6B98700D390CE /* NewProject */ = {
			isa = PBXGroup;
			children = (
				188FE73323E7EEB300DDF30C /* NewProjectViewController.swift */,
			);
			path = NewProject;
			sourceTree = "<group>";
		};
		18AA9EC023E6B99900D390CE /* ProsonalProject */ = {
			isa = PBXGroup;
			children = (
				1861E10823D7F71400673640 /* PersonalViewController.swift */,
			);
			path = ProsonalProject;
			sourceTree = "<group>";
		};
		18B9590E23EFCDF500C6E8EB /* Personal */ = {
			isa = PBXGroup;
			children = (
				18B9590C23EFCDE400C6E8EB /* ProjectColor.swift */,
				18B9591623F0432600C6E8EB /* NewProject.swift */,
			);
			path = Personal;
			sourceTree = "<group>";
		};
		18B9590F23EFCE0700C6E8EB /* Friend */ = {
			isa = PBXGroup;
			children = (
				1844082723E57AAB00A879F7 /* FriendInfo.swift */,
			);
			path = Friend;
			sourceTree = "<group>";
		};
		18B9591323EFD65500C6E8EB /* UserInfo */ = {
			isa = PBXGroup;
			children = (
				1844082523E56F4100A879F7 /* UserManager.swift */,
				18F8CC3C23ED1993004D8420 /* CurrentUserInfo.swift */,
			);
			path = UserInfo;
			sourceTree = "<group>";
		};
		18D93DCC23EEC272005398B7 /* PersonalProject */ = {
			isa = PBXGroup;
			children = (
				18CE585923F7D47600D47A2D /* NumberCollectionViewCell.swift */,
				18CE585B23F7D4A800D47A2D /* NumberCollectionViewCell.xib */,
				18E32EDC23EF01EE0054D592 /* Processing */,
				18E32EDD23EF01F80054D592 /* Completed */,
			);
			path = PersonalProject;
			sourceTree = "<group>";
		};
		18E32EDC23EF01EE0054D592 /* Processing */ = {
			isa = PBXGroup;
			children = (
				18D93DC823EEC268005398B7 /* ProcessingTableViewCell.swift */,
				18D93DC923EEC268005398B7 /* ProcessingTableViewCell.xib */,
				18E32ED823EF01E20054D592 /* ProcessingCollectionViewCell.swift */,
				18E32ED923EF01E20054D592 /* ProcessingCollectionViewCell.xib */,
			);
			path = Processing;
			sourceTree = "<group>";
		};
		18E32EDD23EF01F80054D592 /* Completed */ = {
			isa = PBXGroup;
			children = (
				18D2494623EED9C3006528A6 /* CompletedTableViewCell.swift */,
				18D2494723EED9C3006528A6 /* CompletedTableViewCell.xib */,
				18E32EDE23EF023E0054D592 /* CompletedCollectionViewCell.swift */,
				18E32EDF23EF023E0054D592 /* CompletedCollectionViewCell.xib */,
			);
			path = Completed;
			sourceTree = "<group>";
		};
		457B2D8672F8B072CD41852A /* Frameworks */ = {
			isa = PBXGroup;
			children = (
				DB7B481A550B741A992B2F45 /* Pods_Project_Butler.framework */,
			);
			name = Frameworks;
			sourceTree = "<group>";
		};
		7DD6E061D3FB32A47030AF93 /* Pods */ = {
			isa = PBXGroup;
			children = (
				31E235C089173A4059097F39 /* Pods-Project Butler.debug.xcconfig */,
				E9C9CB790BEC62E7D28C9D75 /* Pods-Project Butler.release.xcconfig */,
			);
			path = Pods;
			sourceTree = "<group>";
		};
/* End PBXGroup section */

/* Begin PBXNativeTarget section */
		1861E10023D7F71400673640 /* Project Butler */ = {
			isa = PBXNativeTarget;
			buildConfigurationList = 1861E11523D7F71500673640 /* Build configuration list for PBXNativeTarget "Project Butler" */;
			buildPhases = (
				6E6DC7327D371D5A4E563ECF /* [CP] Check Pods Manifest.lock */,
				1861E0FD23D7F71400673640 /* Sources */,
				1861E0FE23D7F71400673640 /* Frameworks */,
				1861E0FF23D7F71400673640 /* Resources */,
				BB09A2514DAD9A73DFAAD469 /* [CP] Embed Pods Frameworks */,
				15F5903466A5945554944ED7 /* [CP] Copy Pods Resources */,
			);
			buildRules = (
			);
			dependencies = (
			);
			name = "Project Butler";
			packageProductDependencies = (
				18FFB56423E175E2004B43C0 /* FacebookLogin */,
			);
			productName = "Project Butler";
			productReference = 1861E10123D7F71400673640 /* Project Butler.app */;
			productType = "com.apple.product-type.application";
		};
/* End PBXNativeTarget section */

/* Begin PBXProject section */
		1861E0F923D7F71400673640 /* Project object */ = {
			isa = PBXProject;
			attributes = {
				LastSwiftUpdateCheck = 1130;
				LastUpgradeCheck = 1130;
				ORGANIZATIONNAME = neal812220;
				TargetAttributes = {
					1861E10023D7F71400673640 = {
						CreatedOnToolsVersion = 11.3;
					};
				};
			};
			buildConfigurationList = 1861E0FC23D7F71400673640 /* Build configuration list for PBXProject "Project Butler" */;
			compatibilityVersion = "Xcode 9.3";
			developmentRegion = en;
			hasScannedForEncodings = 0;
			knownRegions = (
				en,
				Base,
			);
			mainGroup = 1861E0F823D7F71400673640;
			packageReferences = (
				18FFB56323E175E2004B43C0 /* XCRemoteSwiftPackageReference "facebook-ios-sdk" */,
			);
			productRefGroup = 1861E10223D7F71400673640 /* Products */;
			projectDirPath = "";
			projectRoot = "";
			targets = (
				1861E10023D7F71400673640 /* Project Butler */,
			);
		};
/* End PBXProject section */

/* Begin PBXResourcesBuildPhase section */
		1861E0FF23D7F71400673640 /* Resources */ = {
			isa = PBXResourcesBuildPhase;
			buildActionMask = 2147483647;
			files = (
				182A42F023E305D6002D8013 /* Personal.storyboard in Resources */,
				18A059D523E3D824002860B6 /* FriendList.storyboard in Resources */,
				18D93DCB23EEC268005398B7 /* ProcessingTableViewCell.xib in Resources */,
				18D2494923EED9C3006528A6 /* CompletedTableViewCell.xib in Resources */,
				18E32EE123EF023E0054D592 /* CompletedCollectionViewCell.xib in Resources */,
				18A059C123E3CC66002860B6 /* Report.storyboard in Resources */,
				188FE73E23E7F0E800DDF30C /* WorkItemTableViewCell.xib in Resources */,
				18A059C423E3CC95002860B6 /* Profile.storyboard in Resources */,
				1861E11123D7F71500673640 /* LaunchScreen.storyboard in Resources */,
				18F0E37E23F3F2A000149F8F /* SelectMemberTableViewCell.xib in Resources */,
				18CE585C23F7D4A800D47A2D /* NumberCollectionViewCell.xib in Resources */,
				188FE73A23E7F05700DDF30C /* NewProjectTableViewCell.xib in Resources */,
				18F0E38223F46E8500149F8F /* MemberCollectionViewCell.xib in Resources */,
				1861E11923D816C700673640 /* GoogleService-Info.plist in Resources */,
				18E32EDB23EF01E20054D592 /* ProcessingCollectionViewCell.xib in Resources */,
				1861E10E23D7F71500673640 /* Assets.xcassets in Resources */,
				18AD1F3B23DB4A3F00C75504 /* Login.storyboard in Resources */,
				1861E10C23D7F71400673640 /* Main.storyboard in Resources */,
				1844082423E541D000A879F7 /* FriendListTableViewCell.xib in Resources */,
			);
			runOnlyForDeploymentPostprocessing = 0;
		};
/* End PBXResourcesBuildPhase section */

/* Begin PBXShellScriptBuildPhase section */
		15F5903466A5945554944ED7 /* [CP] Copy Pods Resources */ = {
			isa = PBXShellScriptBuildPhase;
			buildActionMask = 2147483647;
			files = (
			);
			inputFileListPaths = (
				"${PODS_ROOT}/Target Support Files/Pods-Project Butler/Pods-Project Butler-resources-${CONFIGURATION}-input-files.xcfilelist",
			);
			name = "[CP] Copy Pods Resources";
			outputFileListPaths = (
				"${PODS_ROOT}/Target Support Files/Pods-Project Butler/Pods-Project Butler-resources-${CONFIGURATION}-output-files.xcfilelist",
			);
			runOnlyForDeploymentPostprocessing = 0;
			shellPath = /bin/sh;
			shellScript = "\"${PODS_ROOT}/Target Support Files/Pods-Project Butler/Pods-Project Butler-resources.sh\"\n";
			showEnvVarsInLog = 0;
		};
		6E6DC7327D371D5A4E563ECF /* [CP] Check Pods Manifest.lock */ = {
			isa = PBXShellScriptBuildPhase;
			buildActionMask = 2147483647;
			files = (
			);
			inputFileListPaths = (
			);
			inputPaths = (
				"${PODS_PODFILE_DIR_PATH}/Podfile.lock",
				"${PODS_ROOT}/Manifest.lock",
			);
			name = "[CP] Check Pods Manifest.lock";
			outputFileListPaths = (
			);
			outputPaths = (
				"$(DERIVED_FILE_DIR)/Pods-Project Butler-checkManifestLockResult.txt",
			);
			runOnlyForDeploymentPostprocessing = 0;
			shellPath = /bin/sh;
			shellScript = "diff \"${PODS_PODFILE_DIR_PATH}/Podfile.lock\" \"${PODS_ROOT}/Manifest.lock\" > /dev/null\nif [ $? != 0 ] ; then\n    # print error to STDERR\n    echo \"error: The sandbox is not in sync with the Podfile.lock. Run 'pod install' or update your CocoaPods installation.\" >&2\n    exit 1\nfi\n# This output is used by Xcode 'outputs' to avoid re-running this script phase.\necho \"SUCCESS\" > \"${SCRIPT_OUTPUT_FILE_0}\"\n";
			showEnvVarsInLog = 0;
		};
		BB09A2514DAD9A73DFAAD469 /* [CP] Embed Pods Frameworks */ = {
			isa = PBXShellScriptBuildPhase;
			buildActionMask = 2147483647;
			files = (
			);
			inputFileListPaths = (
				"${PODS_ROOT}/Target Support Files/Pods-Project Butler/Pods-Project Butler-frameworks-${CONFIGURATION}-input-files.xcfilelist",
			);
			name = "[CP] Embed Pods Frameworks";
			outputFileListPaths = (
				"${PODS_ROOT}/Target Support Files/Pods-Project Butler/Pods-Project Butler-frameworks-${CONFIGURATION}-output-files.xcfilelist",
			);
			runOnlyForDeploymentPostprocessing = 0;
			shellPath = /bin/sh;
			shellScript = "\"${PODS_ROOT}/Target Support Files/Pods-Project Butler/Pods-Project Butler-frameworks.sh\"\n";
			showEnvVarsInLog = 0;
		};
/* End PBXShellScriptBuildPhase section */

/* Begin PBXSourcesBuildPhase section */
		1861E0FD23D7F71400673640 /* Sources */ = {
			isa = PBXSourcesBuildPhase;
			buildActionMask = 2147483647;
			files = (
				18F8CC3D23ED1993004D8420 /* CurrentUserInfo.swift in Sources */,
				18AD1F3D23DB4A8600C75504 /* LoginViewController.swift in Sources */,
				18F0E37623F3C04700149F8F /* SelectMembersViewController.swift in Sources */,
				18F0E37A23F3C80100149F8F /* LargeTitleInfo.swift in Sources */,
				18BC87D123F5683600D97F74 /* ProjectInfo.swift in Sources */,
				18A059CC23E3CDC7002860B6 /* ReportViewController.swift in Sources */,
				18F0E37D23F3F2A000149F8F /* SelectMemberTableViewCell.swift in Sources */,
				18D93DCA23EEC268005398B7 /* ProcessingTableViewCell.swift in Sources */,
				18D93DC723EEA225005398B7 /* UIColor+Extension.swift in Sources */,
				1844082623E56F4100A879F7 /* UserManager.swift in Sources */,
				18FFB56223E15A4E004B43C0 /* JGProgressHUDWapper.swift in Sources */,
				182A856523F2A6D400D5394F /* ProjectManager.swift in Sources */,
				18D2494823EED9C3006528A6 /* CompletedTableViewCell.swift in Sources */,
				1861E10923D7F71400673640 /* PersonalViewController.swift in Sources */,
				1895D75123E3C51F00207016 /* PBTabBarViewController.swift in Sources */,
				18AD1F4123DB4B1700C75504 /* ResetPasswordViewController.swift in Sources */,
				18AA9EBB23E6B05100D390CE /* MemberListViewController.swift in Sources */,
				18A059C623E3CCE3002860B6 /* ProfileViewController.swift in Sources */,
				1844082923E57AAB00A879F7 /* FriendInfo.swift in Sources */,
				18BEF14723E977C200CC401C /* KingFisherWapper.swift in Sources */,
				18A059D123E3D683002860B6 /* FriendListViewController.swift in Sources */,
				18B9591723F0432600C6E8EB /* NewProject.swift in Sources */,
				188FE74023E8002200DDF30C /* NewProjectTableViewCell.swift in Sources */,
				18F0E38123F46E8500149F8F /* MemberCollectionViewCell.swift in Sources */,
				18CE585A23F7D47600D47A2D /* NumberCollectionViewCell.swift in Sources */,
				1861E10523D7F71400673640 /* AppDelegate.swift in Sources */,
				18A059BF23E3C6FB002860B6 /* UIImage+Extension.swift in Sources */,
				188FE73423E7EEB300DDF30C /* NewProjectViewController.swift in Sources */,
				18E32EE023EF023E0054D592 /* CompletedCollectionViewCell.swift in Sources */,
				18E32EDA23EF01E20054D592 /* ProcessingCollectionViewCell.swift in Sources */,
				18AD1F3F23DB4AF600C75504 /* SignupViewController.swift in Sources */,
				18B9590D23EFCDE400C6E8EB /* ProjectColor.swift in Sources */,
				18F0E37823F3C79900149F8F /* SearchBarInfo.swift in Sources */,
				1844082323E541D000A879F7 /* FriendListTableViewCell.swift in Sources */,
				1895D75423E3C5F500207016 /* UIStoryboard+Extension.swift in Sources */,
				188FE74223E8004300DDF30C /* WorkItemTableViewCell.swift in Sources */,
			);
			runOnlyForDeploymentPostprocessing = 0;
		};
/* End PBXSourcesBuildPhase section */

/* Begin PBXVariantGroup section */
		1861E10A23D7F71400673640 /* Main.storyboard */ = {
			isa = PBXVariantGroup;
			children = (
				1861E10B23D7F71400673640 /* Base */,
			);
			name = Main.storyboard;
			sourceTree = "<group>";
		};
		1861E10F23D7F71500673640 /* LaunchScreen.storyboard */ = {
			isa = PBXVariantGroup;
			children = (
				1861E11023D7F71500673640 /* Base */,
			);
			name = LaunchScreen.storyboard;
			sourceTree = "<group>";
		};
/* End PBXVariantGroup section */

/* Begin XCBuildConfiguration section */
		1861E11323D7F71500673640 /* Debug */ = {
			isa = XCBuildConfiguration;
			buildSettings = {
				ALWAYS_SEARCH_USER_PATHS = NO;
				CLANG_ANALYZER_NONNULL = YES;
				CLANG_ANALYZER_NUMBER_OBJECT_CONVERSION = YES_AGGRESSIVE;
				CLANG_CXX_LANGUAGE_STANDARD = "gnu++14";
				CLANG_CXX_LIBRARY = "libc++";
				CLANG_ENABLE_MODULES = YES;
				CLANG_ENABLE_OBJC_ARC = YES;
				CLANG_ENABLE_OBJC_WEAK = YES;
				CLANG_WARN_BLOCK_CAPTURE_AUTORELEASING = YES;
				CLANG_WARN_BOOL_CONVERSION = YES;
				CLANG_WARN_COMMA = YES;
				CLANG_WARN_CONSTANT_CONVERSION = YES;
				CLANG_WARN_DEPRECATED_OBJC_IMPLEMENTATIONS = YES;
				CLANG_WARN_DIRECT_OBJC_ISA_USAGE = YES_ERROR;
				CLANG_WARN_DOCUMENTATION_COMMENTS = YES;
				CLANG_WARN_EMPTY_BODY = YES;
				CLANG_WARN_ENUM_CONVERSION = YES;
				CLANG_WARN_INFINITE_RECURSION = YES;
				CLANG_WARN_INT_CONVERSION = YES;
				CLANG_WARN_NON_LITERAL_NULL_CONVERSION = YES;
				CLANG_WARN_OBJC_IMPLICIT_RETAIN_SELF = YES;
				CLANG_WARN_OBJC_LITERAL_CONVERSION = YES;
				CLANG_WARN_OBJC_ROOT_CLASS = YES_ERROR;
				CLANG_WARN_RANGE_LOOP_ANALYSIS = YES;
				CLANG_WARN_STRICT_PROTOTYPES = YES;
				CLANG_WARN_SUSPICIOUS_MOVE = YES;
				CLANG_WARN_UNGUARDED_AVAILABILITY = YES_AGGRESSIVE;
				CLANG_WARN_UNREACHABLE_CODE = YES;
				CLANG_WARN__DUPLICATE_METHOD_MATCH = YES;
				COPY_PHASE_STRIP = NO;
				DEBUG_INFORMATION_FORMAT = dwarf;
				ENABLE_STRICT_OBJC_MSGSEND = YES;
				ENABLE_TESTABILITY = YES;
				GCC_C_LANGUAGE_STANDARD = gnu11;
				GCC_DYNAMIC_NO_PIC = NO;
				GCC_NO_COMMON_BLOCKS = YES;
				GCC_OPTIMIZATION_LEVEL = 0;
				GCC_PREPROCESSOR_DEFINITIONS = (
					"DEBUG=1",
					"$(inherited)",
				);
				GCC_WARN_64_TO_32_BIT_CONVERSION = YES;
				GCC_WARN_ABOUT_RETURN_TYPE = YES_ERROR;
				GCC_WARN_UNDECLARED_SELECTOR = YES;
				GCC_WARN_UNINITIALIZED_AUTOS = YES_AGGRESSIVE;
				GCC_WARN_UNUSED_FUNCTION = YES;
				GCC_WARN_UNUSED_VARIABLE = YES;
				IPHONEOS_DEPLOYMENT_TARGET = 13.2;
				MTL_ENABLE_DEBUG_INFO = INCLUDE_SOURCE;
				MTL_FAST_MATH = YES;
				ONLY_ACTIVE_ARCH = YES;
				SDKROOT = iphoneos;
				SWIFT_ACTIVE_COMPILATION_CONDITIONS = DEBUG;
				SWIFT_OPTIMIZATION_LEVEL = "-Onone";
			};
			name = Debug;
		};
		1861E11423D7F71500673640 /* Release */ = {
			isa = XCBuildConfiguration;
			buildSettings = {
				ALWAYS_SEARCH_USER_PATHS = NO;
				CLANG_ANALYZER_NONNULL = YES;
				CLANG_ANALYZER_NUMBER_OBJECT_CONVERSION = YES_AGGRESSIVE;
				CLANG_CXX_LANGUAGE_STANDARD = "gnu++14";
				CLANG_CXX_LIBRARY = "libc++";
				CLANG_ENABLE_MODULES = YES;
				CLANG_ENABLE_OBJC_ARC = YES;
				CLANG_ENABLE_OBJC_WEAK = YES;
				CLANG_WARN_BLOCK_CAPTURE_AUTORELEASING = YES;
				CLANG_WARN_BOOL_CONVERSION = YES;
				CLANG_WARN_COMMA = YES;
				CLANG_WARN_CONSTANT_CONVERSION = YES;
				CLANG_WARN_DEPRECATED_OBJC_IMPLEMENTATIONS = YES;
				CLANG_WARN_DIRECT_OBJC_ISA_USAGE = YES_ERROR;
				CLANG_WARN_DOCUMENTATION_COMMENTS = YES;
				CLANG_WARN_EMPTY_BODY = YES;
				CLANG_WARN_ENUM_CONVERSION = YES;
				CLANG_WARN_INFINITE_RECURSION = YES;
				CLANG_WARN_INT_CONVERSION = YES;
				CLANG_WARN_NON_LITERAL_NULL_CONVERSION = YES;
				CLANG_WARN_OBJC_IMPLICIT_RETAIN_SELF = YES;
				CLANG_WARN_OBJC_LITERAL_CONVERSION = YES;
				CLANG_WARN_OBJC_ROOT_CLASS = YES_ERROR;
				CLANG_WARN_RANGE_LOOP_ANALYSIS = YES;
				CLANG_WARN_STRICT_PROTOTYPES = YES;
				CLANG_WARN_SUSPICIOUS_MOVE = YES;
				CLANG_WARN_UNGUARDED_AVAILABILITY = YES_AGGRESSIVE;
				CLANG_WARN_UNREACHABLE_CODE = YES;
				CLANG_WARN__DUPLICATE_METHOD_MATCH = YES;
				COPY_PHASE_STRIP = NO;
				DEBUG_INFORMATION_FORMAT = "dwarf-with-dsym";
				ENABLE_NS_ASSERTIONS = NO;
				ENABLE_STRICT_OBJC_MSGSEND = YES;
				GCC_C_LANGUAGE_STANDARD = gnu11;
				GCC_NO_COMMON_BLOCKS = YES;
				GCC_WARN_64_TO_32_BIT_CONVERSION = YES;
				GCC_WARN_ABOUT_RETURN_TYPE = YES_ERROR;
				GCC_WARN_UNDECLARED_SELECTOR = YES;
				GCC_WARN_UNINITIALIZED_AUTOS = YES_AGGRESSIVE;
				GCC_WARN_UNUSED_FUNCTION = YES;
				GCC_WARN_UNUSED_VARIABLE = YES;
				IPHONEOS_DEPLOYMENT_TARGET = 13.2;
				MTL_ENABLE_DEBUG_INFO = NO;
				MTL_FAST_MATH = YES;
				SDKROOT = iphoneos;
				SWIFT_COMPILATION_MODE = wholemodule;
				SWIFT_OPTIMIZATION_LEVEL = "-O";
				VALIDATE_PRODUCT = YES;
			};
			name = Release;
		};
		1861E11623D7F71500673640 /* Debug */ = {
			isa = XCBuildConfiguration;
			baseConfigurationReference = 31E235C089173A4059097F39 /* Pods-Project Butler.debug.xcconfig */;
			buildSettings = {
				ASSETCATALOG_COMPILER_APPICON_NAME = AppIcon;
				CODE_SIGN_STYLE = Automatic;
				DEVELOPMENT_TEAM = 9W3FMHPU3X;
				INFOPLIST_FILE = "Project Butler/Info.plist";
				LD_RUNPATH_SEARCH_PATHS = (
					"$(inherited)",
					"@executable_path/Frameworks",
				);
				PRODUCT_BUNDLE_IDENTIFIER = "com.neal811220.Project-Butler";
				PRODUCT_NAME = "$(TARGET_NAME)";
				SWIFT_VERSION = 5.0;
				TARGETED_DEVICE_FAMILY = "1,2";
			};
			name = Debug;
		};
		1861E11723D7F71500673640 /* Release */ = {
			isa = XCBuildConfiguration;
			baseConfigurationReference = E9C9CB790BEC62E7D28C9D75 /* Pods-Project Butler.release.xcconfig */;
			buildSettings = {
				ASSETCATALOG_COMPILER_APPICON_NAME = AppIcon;
				CODE_SIGN_STYLE = Automatic;
				DEVELOPMENT_TEAM = 9W3FMHPU3X;
				INFOPLIST_FILE = "Project Butler/Info.plist";
				LD_RUNPATH_SEARCH_PATHS = (
					"$(inherited)",
					"@executable_path/Frameworks",
				);
				PRODUCT_BUNDLE_IDENTIFIER = "com.neal811220.Project-Butler";
				PRODUCT_NAME = "$(TARGET_NAME)";
				SWIFT_VERSION = 5.0;
				TARGETED_DEVICE_FAMILY = "1,2";
			};
			name = Release;
		};
/* End XCBuildConfiguration section */

/* Begin XCConfigurationList section */
		1861E0FC23D7F71400673640 /* Build configuration list for PBXProject "Project Butler" */ = {
			isa = XCConfigurationList;
			buildConfigurations = (
				1861E11323D7F71500673640 /* Debug */,
				1861E11423D7F71500673640 /* Release */,
			);
			defaultConfigurationIsVisible = 0;
			defaultConfigurationName = Release;
		};
		1861E11523D7F71500673640 /* Build configuration list for PBXNativeTarget "Project Butler" */ = {
			isa = XCConfigurationList;
			buildConfigurations = (
				1861E11623D7F71500673640 /* Debug */,
				1861E11723D7F71500673640 /* Release */,
			);
			defaultConfigurationIsVisible = 0;
			defaultConfigurationName = Release;
		};
/* End XCConfigurationList section */

/* Begin XCRemoteSwiftPackageReference section */
		18FFB56323E175E2004B43C0 /* XCRemoteSwiftPackageReference "facebook-ios-sdk" */ = {
			isa = XCRemoteSwiftPackageReference;
			repositoryURL = "https://github.com/facebook/facebook-ios-sdk";
			requirement = {
				kind = upToNextMajorVersion;
				minimumVersion = 5.15.0;
			};
		};
/* End XCRemoteSwiftPackageReference section */

/* Begin XCSwiftPackageProductDependency section */
		18FFB56423E175E2004B43C0 /* FacebookLogin */ = {
			isa = XCSwiftPackageProductDependency;
			package = 18FFB56323E175E2004B43C0 /* XCRemoteSwiftPackageReference "facebook-ios-sdk" */;
			productName = FacebookLogin;
		};
/* End XCSwiftPackageProductDependency section */
	};
	rootObject = 1861E0F923D7F71400673640 /* Project object */;
}
